version: 6
environments:
  default:
    channels:
    - url: https://conda.anaconda.org/conda-forge/
    indexes:
    - https://pypi.org/simple
    options:
      pypi-prerelease-mode: if-necessary-or-explicit
    packages:
      linux-64:
      - conda: https://conda.anaconda.org/conda-forge/linux-64/_libgcc_mutex-0.1-conda_forge.tar.bz2
      - conda: https://conda.anaconda.org/conda-forge/linux-64/_openmp_mutex-4.5-2_gnu.tar.bz2
      - conda: https://conda.anaconda.org/conda-forge/linux-64/binutils_impl_linux-64-2.45-default_hfdba357_105.conda
      - conda: https://conda.anaconda.org/conda-forge/linux-64/binutils_linux-64-2.45-default_h4852527_105.conda
      - conda: https://conda.anaconda.org/conda-forge/linux-64/bzip2-1.0.8-hda65f42_8.conda
      - conda: https://conda.anaconda.org/conda-forge/noarch/ca-certificates-2026.1.4-hbd8a1cb_0.conda
      - conda: https://conda.anaconda.org/conda-forge/noarch/cuda-cccl_linux-64-13.1.115-ha770c72_0.conda
      - conda: https://conda.anaconda.org/conda-forge/noarch/cuda-crt-dev_linux-64-13.1.115-ha770c72_0.conda
      - conda: https://conda.anaconda.org/conda-forge/linux-64/cuda-crt-tools-13.1.115-ha770c72_0.conda
      - conda: https://conda.anaconda.org/conda-forge/linux-64/cuda-cudart-13.1.80-hecca717_0.conda
      - conda: https://conda.anaconda.org/conda-forge/linux-64/cuda-cudart-dev-13.1.80-hecca717_0.conda
      - conda: https://conda.anaconda.org/conda-forge/noarch/cuda-cudart-dev_linux-64-13.1.80-h376f20c_0.conda
      - conda: https://conda.anaconda.org/conda-forge/linux-64/cuda-cudart-static-13.1.80-hecca717_0.conda
      - conda: https://conda.anaconda.org/conda-forge/noarch/cuda-cudart-static_linux-64-13.1.80-h376f20c_0.conda
      - conda: https://conda.anaconda.org/conda-forge/noarch/cuda-cudart_linux-64-13.1.80-h376f20c_0.conda
      - conda: https://conda.anaconda.org/conda-forge/noarch/cuda-driver-dev_linux-64-13.1.80-h376f20c_0.conda
      - conda: https://conda.anaconda.org/conda-forge/linux-64/cuda-nvcc-13.1.115-hcdd1206_0.conda
      - conda: https://conda.anaconda.org/conda-forge/noarch/cuda-nvcc-dev_linux-64-13.1.115-he91c749_0.conda
      - conda: https://conda.anaconda.org/conda-forge/linux-64/cuda-nvcc-impl-13.1.115-h85509e4_0.conda
      - conda: https://conda.anaconda.org/conda-forge/linux-64/cuda-nvcc-tools-13.1.115-he02047a_0.conda
      - conda: https://conda.anaconda.org/conda-forge/linux-64/cuda-nvcc_linux-64-13.1.115-hb2fc203_0.conda
      - conda: https://conda.anaconda.org/conda-forge/noarch/cuda-nvvm-dev_linux-64-13.1.115-ha770c72_0.conda
      - conda: https://conda.anaconda.org/conda-forge/linux-64/cuda-nvvm-impl-13.1.115-h4bc722e_0.conda
      - conda: https://conda.anaconda.org/conda-forge/linux-64/cuda-nvvm-tools-13.1.115-h4bc722e_0.conda
      - conda: https://conda.anaconda.org/conda-forge/noarch/cuda-version-13.1-h2ff5cdb_3.conda
      - conda: https://conda.anaconda.org/conda-forge/linux-64/gcc_impl_linux-64-15.2.0-hc5723f1_16.conda
      - conda: https://conda.anaconda.org/conda-forge/linux-64/gcc_linux-64-15.2.0-h862fb80_17.conda
      - conda: https://conda.anaconda.org/conda-forge/linux-64/gxx_impl_linux-64-15.2.0-hda75c37_16.conda
      - conda: https://conda.anaconda.org/conda-forge/linux-64/gxx_linux-64-15.2.0-h2d7d49d_17.conda
      - conda: https://conda.anaconda.org/conda-forge/linux-64/icu-78.2-h33c6efd_0.conda
      - conda: https://conda.anaconda.org/conda-forge/noarch/kernel-headers_linux-64-4.18.0-he073ed8_9.conda
      - conda: https://conda.anaconda.org/conda-forge/linux-64/ld_impl_linux-64-2.45-default_hbd61a6d_105.conda
      - conda: https://conda.anaconda.org/conda-forge/linux-64/libblas-3.11.0-5_h4a7cf45_openblas.conda
      - conda: https://conda.anaconda.org/conda-forge/linux-64/libcblas-3.11.0-5_h0358290_openblas.conda
      - conda: https://conda.anaconda.org/conda-forge/linux-64/libexpat-2.7.3-hecca717_0.conda
      - conda: https://conda.anaconda.org/conda-forge/linux-64/libffi-3.5.2-h9ec8514_0.conda
      - conda: https://conda.anaconda.org/conda-forge/linux-64/libgcc-15.2.0-he0feb66_16.conda
      - conda: https://conda.anaconda.org/conda-forge/noarch/libgcc-devel_linux-64-15.2.0-hcc6f6b0_116.conda
      - conda: https://conda.anaconda.org/conda-forge/linux-64/libgcc-ng-15.2.0-h69a702a_16.conda
      - conda: https://conda.anaconda.org/conda-forge/linux-64/libgfortran-15.2.0-h69a702a_16.conda
      - conda: https://conda.anaconda.org/conda-forge/linux-64/libgfortran5-15.2.0-h68bc16d_16.conda
      - conda: https://conda.anaconda.org/conda-forge/linux-64/libgomp-15.2.0-he0feb66_16.conda
      - conda: https://conda.anaconda.org/conda-forge/linux-64/liblapack-3.11.0-5_h47877c9_openblas.conda
      - conda: https://conda.anaconda.org/conda-forge/linux-64/liblzma-5.8.2-hb03c661_0.conda
      - conda: https://conda.anaconda.org/conda-forge/linux-64/libnsl-2.0.1-hb9d3cd8_1.conda
      - conda: https://conda.anaconda.org/conda-forge/linux-64/libnvptxcompiler-dev-13.1.115-ha770c72_0.conda
      - conda: https://conda.anaconda.org/conda-forge/noarch/libnvptxcompiler-dev_linux-64-13.1.115-ha770c72_0.conda
      - conda: https://conda.anaconda.org/conda-forge/linux-64/libopenblas-0.3.30-pthreads_h94d23a6_4.conda
      - conda: https://conda.anaconda.org/conda-forge/linux-64/libsanitizer-15.2.0-h90f66d4_16.conda
      - conda: https://conda.anaconda.org/conda-forge/linux-64/libsqlite-3.51.2-hf4e2dac_0.conda
      - conda: https://conda.anaconda.org/conda-forge/linux-64/libstdcxx-15.2.0-h934c35e_16.conda
      - conda: https://conda.anaconda.org/conda-forge/noarch/libstdcxx-devel_linux-64-15.2.0-hd446a21_116.conda
      - conda: https://conda.anaconda.org/conda-forge/linux-64/libuuid-2.41.3-h5347b49_0.conda
      - conda: https://conda.anaconda.org/conda-forge/linux-64/libxcrypt-4.4.36-hd590300_1.conda
      - conda: https://conda.anaconda.org/conda-forge/linux-64/libzlib-1.3.1-hb9d3cd8_2.conda
      - conda: https://conda.anaconda.org/conda-forge/linux-64/ncurses-6.5-h2d0b736_3.conda
      - conda: https://conda.anaconda.org/conda-forge/linux-64/numpy-2.4.1-py311h2e04523_0.conda
      - conda: https://conda.anaconda.org/conda-forge/linux-64/openssl-3.6.0-h26f9b46_0.conda
      - conda: https://conda.anaconda.org/conda-forge/linux-64/python-3.11.14-hd63d673_2_cpython.conda
      - conda: https://conda.anaconda.org/conda-forge/noarch/python_abi-3.11-8_cp311.conda
      - conda: https://conda.anaconda.org/conda-forge/linux-64/readline-8.3-h853b02a_0.conda
      - conda: https://conda.anaconda.org/conda-forge/noarch/sysroot_linux-64-2.28-h4ee821c_9.conda
      - conda: https://conda.anaconda.org/conda-forge/linux-64/tk-8.6.13-noxft_ha0e22de_103.conda
      - conda: https://conda.anaconda.org/conda-forge/noarch/tzdata-2025c-hc9c84f9_1.conda
      - conda: https://conda.anaconda.org/conda-forge/linux-64/zstd-1.5.7-hb78ec9c_6.conda
      - pypi: https://files.pythonhosted.org/packages/d8/99/91fd58d495f03495e93b3f6100336d7a1df212aa90ad37d1322b8bb7df71/jax-0.9.0-py3-none-any.whl
      - pypi: https://files.pythonhosted.org/packages/65/62/92d38feb8b536ca24610908dc23fe08e12f2c51eb722fd333e8572343cc6/jax_cuda12_pjrt-0.9.0-py3-none-manylinux_2_27_x86_64.whl
      - pypi: https://files.pythonhosted.org/packages/c1/5b/613eb8dc6ff57d5689c5680e1374641d850e7d470024e4c25760b82b11fb/jax_cuda12_plugin-0.9.0-cp311-cp311-manylinux_2_27_x86_64.whl
      - pypi: https://files.pythonhosted.org/packages/a5/43/056cd98633ab0454c77b1ecebe1d5e21a76c06576a0ba655e9ac582ce985/jaxlib-0.9.0-cp311-cp311-manylinux_2_27_x86_64.whl
      - pypi: https://files.pythonhosted.org/packages/a9/80/19189ea605017473660e43762dc853d2797984b3c7bf30ce656099add30c/ml_dtypes-0.5.4-cp311-cp311-manylinux_2_27_x86_64.manylinux_2_28_x86_64.whl
      - pypi: https://files.pythonhosted.org/packages/77/3c/aa88abe01f3be3d1f8f787d1d33dc83e76fec05945f9a28fbb41cfb99cd5/nvidia_cublas_cu12-12.9.1.4-py3-none-manylinux_2_27_x86_64.whl
      - pypi: https://files.pythonhosted.org/packages/18/2a/d4cd8506d2044e082f8cd921be57392e6a9b5ccd3ffdf050362430a3d5d5/nvidia_cuda_cccl_cu12-12.9.27-py3-none-manylinux2014_x86_64.manylinux_2_17_x86_64.whl
      - pypi: https://files.pythonhosted.org/packages/c1/2e/b84e32197e33f39907b455b83395a017e697c07a449a2b15fd07fc1c9981/nvidia_cuda_cupti_cu12-12.9.79-py3-none-manylinux_2_25_x86_64.whl
      - pypi: https://files.pythonhosted.org/packages/25/48/b54a06168a2190572a312bfe4ce443687773eb61367ced31e064953dd2f7/nvidia_cuda_nvcc_cu12-12.9.86-py3-none-manylinux2010_x86_64.manylinux_2_12_x86_64.whl
      - pypi: https://files.pythonhosted.org/packages/b8/85/e4af82cc9202023862090bfca4ea827d533329e925c758f0cde964cb54b7/nvidia_cuda_nvrtc_cu12-12.9.86-py3-none-manylinux2010_x86_64.manylinux_2_12_x86_64.whl
      - pypi: https://files.pythonhosted.org/packages/bc/46/a92db19b8309581092a3add7e6fceb4c301a3fd233969856a8cbf042cd3c/nvidia_cuda_runtime_cu12-12.9.79-py3-none-manylinux2014_x86_64.manylinux_2_17_x86_64.whl
      - pypi: https://files.pythonhosted.org/packages/2b/e0/bdf6249ce9f78df6262b0bd56d947a8ca73396e546f7a775c7a4393b58e1/nvidia_cudnn_cu12-9.18.0.77-py3-none-manylinux_2_27_x86_64.whl
      - pypi: https://files.pythonhosted.org/packages/95/f4/61e6996dd20481ee834f57a8e9dca28b1869366a135e0d42e2aa8493bdd4/nvidia_cufft_cu12-11.4.1.4-py3-none-manylinux2014_x86_64.manylinux_2_17_x86_64.whl
      - pypi: https://files.pythonhosted.org/packages/33/40/79b0c64d44d6c166c0964ec1d803d067f4a145cca23e23925fd351d0e642/nvidia_cusolver_cu12-11.7.5.82-py3-none-manylinux_2_27_x86_64.whl
      - pypi: https://files.pythonhosted.org/packages/12/46/b0fd4b04f86577921feb97d8e2cf028afe04f614d17fb5013de9282c9216/nvidia_cusparse_cu12-12.5.10.65-py3-none-manylinux2014_x86_64.manylinux_2_17_x86_64.whl
      - pypi: https://files.pythonhosted.org/packages/23/2d/609d0392d992259c6dc39881688a7fc13b1397a668bc360fbd68d1396f85/nvidia_nccl_cu12-2.29.2-py3-none-manylinux_2_18_x86_64.whl
      - pypi: https://files.pythonhosted.org/packages/46/0c/c75bbfb967457a0b7670b8ad267bfc4fffdf341c074e0a80db06c24ccfd4/nvidia_nvjitlink_cu12-12.9.86-py3-none-manylinux2010_x86_64.manylinux_2_12_x86_64.whl
      - pypi: https://files.pythonhosted.org/packages/64/b9/6ab941001c23cfb43499b5b0b7417b0bb4dfba3a29ffa2b06985422dad50/nvidia_nvshmem_cu12-3.5.19-py3-none-manylinux2014_x86_64.manylinux_2_17_x86_64.whl
      - pypi: https://files.pythonhosted.org/packages/23/cd/066e86230ae37ed0be70aae89aabf03ca8d9f39c8aea0dec8029455b5540/opt_einsum-3.4.0-py3-none-any.whl
      - pypi: https://files.pythonhosted.org/packages/ef/df/df1457c4df3826e908879fe3d76bc5b6e60aae45f4ee42539512438cfd5d/scipy-1.17.0-cp311-cp311-manylinux_2_27_x86_64.manylinux_2_28_x86_64.whl
packages:
- conda: https://conda.anaconda.org/conda-forge/linux-64/_libgcc_mutex-0.1-conda_forge.tar.bz2
  sha256: fe51de6107f9edc7aa4f786a70f4a883943bc9d39b3bb7307c04c41410990726
  md5: d7c89558ba9fa0495403155b64376d81
  license: None
  purls: []
  size: 2562
  timestamp: 1578324546067
- conda: https://conda.anaconda.org/conda-forge/linux-64/_openmp_mutex-4.5-2_gnu.tar.bz2
  build_number: 16
  sha256: fbe2c5e56a653bebb982eda4876a9178aedfc2b545f25d0ce9c4c0b508253d22
  md5: 73aaf86a425cc6e73fcf236a5a46396d
  depends:
  - _libgcc_mutex 0.1 conda_forge
  - libgomp >=7.5.0
  constrains:
  - openmp_impl 9999
  license: BSD-3-Clause
  license_family: BSD
  purls: []
  size: 23621
  timestamp: 1650670423406
- conda: https://conda.anaconda.org/conda-forge/linux-64/binutils_impl_linux-64-2.45-default_hfdba357_105.conda
  sha256: 17fbb32191430310d3eb8309f80a8df54f0d66eda9cf84b2ae5113e6d74e24d8
  md5: e410a8f80e22eb6d840e39ac6a34bd0e
  depends:
  - ld_impl_linux-64 2.45 default_hbd61a6d_105
  - sysroot_linux-64
  - zstd >=1.5.7,<1.6.0a0
  license: GPL-3.0-only
  license_family: GPL
  purls: []
  size: 3719982
  timestamp: 1766513109980
- conda: https://conda.anaconda.org/conda-forge/linux-64/binutils_linux-64-2.45-default_h4852527_105.conda
  sha256: 0eae8088e00edc7fe7a728d64f6614d2cf17a2df010e835eccefe30bfc726759
  md5: 4b1e4ae87a52e9724a9ec0c7b822bc89
  depends:
  - binutils_impl_linux-64 2.45 default_hfdba357_105
  license: GPL-3.0-only
  license_family: GPL
  purls: []
  size: 36310
  timestamp: 1766513143566
- conda: https://conda.anaconda.org/conda-forge/linux-64/bzip2-1.0.8-hda65f42_8.conda
  sha256: c30daba32ddebbb7ded490f0e371eae90f51e72db620554089103b4a6934b0d5
  md5: 51a19bba1b8ebfb60df25cde030b7ebc
  depends:
  - __glibc >=2.17,<3.0.a0
  - libgcc >=14
  license: bzip2-1.0.6
  license_family: BSD
  purls: []
  size: 260341
  timestamp: 1757437258798
- conda: https://conda.anaconda.org/conda-forge/noarch/ca-certificates-2026.1.4-hbd8a1cb_0.conda
  sha256: b5974ec9b50e3c514a382335efa81ed02b05906849827a34061c496f4defa0b2
  md5: bddacf101bb4dd0e51811cb69c7790e2
  depends:
  - __unix
  license: ISC
  purls: []
  size: 146519
  timestamp: 1767500828366
- conda: https://conda.anaconda.org/conda-forge/noarch/cuda-cccl_linux-64-13.1.115-ha770c72_0.conda
  sha256: 0715f15da71587238600f0584bc8d243d8fde602c3d8856f421b58dff3fb9422
  md5: a179486129ff28d053bb16fdb533568e
  depends:
  - cuda-version >=13.1,<13.2.0a0
  license: LicenseRef-NVIDIA-End-User-License-Agreement
  purls: []
  size: 1277295
  timestamp: 1768272295906
- conda: https://conda.anaconda.org/conda-forge/noarch/cuda-crt-dev_linux-64-13.1.115-ha770c72_0.conda
  sha256: 82ae1f3e492146722e258e237daa537f4d4df8157b2dfa49a0869eb41a11d284
  md5: 3723bca2a84e6cc0f0a98427b71bec73
  depends:
  - cuda-version >=13.1,<13.2.0a0
  license: LicenseRef-NVIDIA-End-User-License-Agreement
  purls: []
  size: 96480
  timestamp: 1768280269206
- conda: https://conda.anaconda.org/conda-forge/linux-64/cuda-crt-tools-13.1.115-ha770c72_0.conda
  sha256: 272c3e100c40f261f3322613ed3829b7cbec7e107bf25bd5c3328ec9416dc341
  md5: 2463b351f519d6a915e05a60668aea13
  depends:
  - cuda-version >=13.1,<13.2.0a0
  license: LicenseRef-NVIDIA-End-User-License-Agreement
  purls: []
  size: 30124
  timestamp: 1768280280700
- conda: https://conda.anaconda.org/conda-forge/linux-64/cuda-cudart-13.1.80-hecca717_0.conda
  sha256: 00acb7564e7c7dd60be431bd2a1a937856e38a86535d72281461cd193500a0a4
  md5: 2e2b71c8d67f6ceb1d3820aa438f3580
  depends:
  - __glibc >=2.17,<3.0.a0
  - cuda-cudart_linux-64 13.1.80 h376f20c_0
  - cuda-version >=13.1,<13.2.0a0
  - libgcc >=14
  - libstdcxx >=14
  license: LicenseRef-NVIDIA-End-User-License-Agreement
  purls: []
  size: 24159
  timestamp: 1764883525821
- conda: https://conda.anaconda.org/conda-forge/linux-64/cuda-cudart-dev-13.1.80-hecca717_0.conda
  sha256: 12aa5dcf82cdf863be18a48a9ad4d271aa864ef985752bc9707371b84085f0c8
  md5: e3cbe24bf8ae135e9f82450be520e886
  depends:
  - __glibc >=2.17,<3.0.a0
  - cuda-cudart 13.1.80 hecca717_0
  - cuda-cudart-dev_linux-64 13.1.80 h376f20c_0
  - cuda-cudart-static 13.1.80 hecca717_0
  - cuda-version >=13.1,<13.2.0a0
  - libgcc >=14
  - libstdcxx >=14
  license: LicenseRef-NVIDIA-End-User-License-Agreement
  purls: []
  size: 24597
  timestamp: 1764883573873
- conda: https://conda.anaconda.org/conda-forge/noarch/cuda-cudart-dev_linux-64-13.1.80-h376f20c_0.conda
  sha256: 41a1cc86f2759ef6ae47cc68e2180baaeb4b989709931366ee0cdc90f8e10f5f
  md5: a36776a49ae0e47a26e129bdc82aeb3e
  depends:
  - cuda-cccl_linux-64
  - cuda-cudart-static_linux-64
  - cuda-cudart_linux-64
  - cuda-version >=13.1,<13.2.0a0
  license: LicenseRef-NVIDIA-End-User-License-Agreement
  purls: []
  size: 392459
  timestamp: 1764883538793
- conda: https://conda.anaconda.org/conda-forge/linux-64/cuda-cudart-static-13.1.80-hecca717_0.conda
  sha256: 7cbf145b3e59d360052556bfe9425753b119c33cbba0c1f20f0191a7330ced5c
  md5: 0e5edde73725a13f7d62ddf96b7656b9
  depends:
  - __glibc >=2.17,<3.0.a0
  - cuda-cudart-static_linux-64 13.1.80 h376f20c_0
  - cuda-version >=13.1,<13.2.0a0
  - libgcc >=14
  - libstdcxx >=14
  license: LicenseRef-NVIDIA-End-User-License-Agreement
  purls: []
  size: 24119
  timestamp: 1764883551735
- conda: https://conda.anaconda.org/conda-forge/noarch/cuda-cudart-static_linux-64-13.1.80-h376f20c_0.conda
  sha256: 2252e12fa9a806f685684b6395a660d845dc95bdc95e52a6bc09dba8a9eccec3
  md5: be9f8ef5a01fca1f28c8d523f8501771
  depends:
  - cuda-version >=13.1,<13.2.0a0
  license: LicenseRef-NVIDIA-End-User-License-Agreement
  purls: []
  size: 1121385
  timestamp: 1764883490595
- conda: https://conda.anaconda.org/conda-forge/noarch/cuda-cudart_linux-64-13.1.80-h376f20c_0.conda
  sha256: fca2951815564c36cf5a4e0f7ed0222429d206fda3d4e1aa3d52a969a293b868
  md5: 4dc4c3a1e010e06035f01d661c1b70bd
  depends:
  - cuda-version >=13.1,<13.2.0a0
  license: LicenseRef-NVIDIA-End-User-License-Agreement
  purls: []
  size: 199654
  timestamp: 1764883502803
- conda: https://conda.anaconda.org/conda-forge/noarch/cuda-driver-dev_linux-64-13.1.80-h376f20c_0.conda
  sha256: 83bf37d5a3b4a85853cded6a8b90db302b014845b7d9461ccdb84db8c2abfbc3
  md5: 1d7073905d0359ff234545494a933d59
  depends:
  - cuda-version >=13.1,<13.2.0a0
  license: LicenseRef-NVIDIA-End-User-License-Agreement
  purls: []
  size: 38992
  timestamp: 1764883514338
- conda: https://conda.anaconda.org/conda-forge/linux-64/cuda-nvcc-13.1.115-hcdd1206_0.conda
  sha256: ef49d282e7ae6abfce11fdd7aa59a74fbf08b001aa8c2addb1b783e3917aacb5
  md5: c50bb7775d8d99cdc51c0dfa8c638362
  depends:
  - cuda-nvcc_linux-64 13.1.115.*
  - gcc_linux-64
  - gxx_linux-64
  license: LicenseRef-NVIDIA-End-User-License-Agreement
  purls: []
  size: 24989
  timestamp: 1768285999378
- conda: https://conda.anaconda.org/conda-forge/noarch/cuda-nvcc-dev_linux-64-13.1.115-he91c749_0.conda
  sha256: 2d63a4f43bd4410ecef87c41aeffa2035f511870d7fc696eb0b3a9d05595cc66
  md5: 59397a8efd2c86c8d0d4ea6c1fcd9c8b
  depends:
  - cuda-crt-dev_linux-64 13.1.115 ha770c72_0
  - cuda-nvvm-dev_linux-64 13.1.115 ha770c72_0
  - cuda-version >=13.1,<13.2.0a0
  - libgcc >=6
  - libnvptxcompiler-dev_linux-64 13.1.115 ha770c72_0
  constrains:
  - gcc_impl_linux-64 >=6,<16.0a0
  license: LicenseRef-NVIDIA-End-User-License-Agreement
  purls: []
  size: 29084
  timestamp: 1768280571872
- conda: https://conda.anaconda.org/conda-forge/linux-64/cuda-nvcc-impl-13.1.115-h85509e4_0.conda
  sha256: 5c6a64f9a8f40d31d58c1df848d0125b61405ab4e0e695501cdd0fc2b657f675
  md5: 45ee3f07446a4f800060d7f868d1d5e3
  depends:
  - cuda-cudart >=13.1.80,<14.0a0
  - cuda-cudart-dev
  - cuda-nvcc-dev_linux-64 13.1.115 he91c749_0
  - cuda-nvcc-tools 13.1.115 he02047a_0
  - cuda-nvvm-impl 13.1.115 h4bc722e_0
  - cuda-version >=13.1,<13.2.0a0
  - libnvptxcompiler-dev 13.1.115 ha770c72_0
  constrains:
  - gcc_impl_linux-64 >=6,<16.0a0
  license: LicenseRef-NVIDIA-End-User-License-Agreement
  purls: []
  size: 28190
  timestamp: 1768280584899
- conda: https://conda.anaconda.org/conda-forge/linux-64/cuda-nvcc-tools-13.1.115-he02047a_0.conda
  sha256: b3c2a01616140c721b6b862f9292b9f90f9a7dc63f82cfd8e4f4d5abf006109a
  md5: 92d8589fde5681db8c996572b43aa276
  depends:
  - __glibc >=2.17,<3.0.a0
  - cuda-crt-tools 13.1.115 ha770c72_0
  - cuda-nvvm-tools 13.1.115 h4bc722e_0
  - cuda-version >=13.1,<13.2.0a0
  - libgcc >=12
  - libstdcxx >=12
  constrains:
  - gcc_impl_linux-64 >=6,<16.0a0
  license: LicenseRef-NVIDIA-End-User-License-Agreement
  purls: []
  size: 32524161
  timestamp: 1768280483844
- conda: https://conda.anaconda.org/conda-forge/linux-64/cuda-nvcc_linux-64-13.1.115-hb2fc203_0.conda
  sha256: 09b3a960bc322d086c5e01dfb4c736b8517c2e31e9e0d3b437eabb6b3d2c69b4
  md5: 7364535de1919bea48c4a5b355aa02e7
  depends:
  - __glibc >=2.17,<3.0.a0
  - cuda-cudart-dev_linux-64 13.1.*
  - cuda-driver-dev_linux-64 13.1.*
  - cuda-nvcc-dev_linux-64 13.1.115.*
  - cuda-nvcc-impl 13.1.115.*
  - cuda-nvcc-tools 13.1.115.*
  - sysroot_linux-64 >=2.17,<3.0a0
  license: LicenseRef-NVIDIA-End-User-License-Agreement
  purls: []
  size: 26945
  timestamp: 1768285998863
- conda: https://conda.anaconda.org/conda-forge/noarch/cuda-nvvm-dev_linux-64-13.1.115-ha770c72_0.conda
  sha256: cae8dd604706bed7c5a19d35cabdab2ce549182e98cfd603c5b603a5c787cfdd
  md5: f468fd93b5f654b49799daaccd0067fc
  depends:
  - cuda-version >=13.1,<13.2.0a0
  license: LicenseRef-NVIDIA-End-User-License-Agreement
  purls: []
  size: 28066
  timestamp: 1768280291614
- conda: https://conda.anaconda.org/conda-forge/linux-64/cuda-nvvm-impl-13.1.115-h4bc722e_0.conda
  sha256: 12d84615684f1279799c023ce4ccc7c34f151bec2a90e0c8d04798a8c8af437c
  md5: bf76661bc0de83a60537c4913f339fb3
  depends:
  - __glibc >=2.17,<3.0.a0
  - cuda-version >=13.1,<13.2.0a0
  - libgcc >=12
  license: LicenseRef-NVIDIA-End-User-License-Agreement
  purls: []
  size: 21873791
  timestamp: 1768280315627
- conda: https://conda.anaconda.org/conda-forge/linux-64/cuda-nvvm-tools-13.1.115-h4bc722e_0.conda
  sha256: 51641c065fbb78af45e7040e19866404d217c26901734866218e9cee6a511a8e
  md5: a9ec91462847137689ab1fa2c0652f05
  depends:
  - __glibc >=2.17,<3.0.a0
  - cuda-version >=13.1,<13.2.0a0
  - libgcc >=12
  license: LicenseRef-NVIDIA-End-User-License-Agreement
  purls: []
  size: 25639587
  timestamp: 1768280358414
- conda: https://conda.anaconda.org/conda-forge/noarch/cuda-version-13.1-h2ff5cdb_3.conda
  sha256: 176ac20fdb95611af8fb2bf0d3d16fee998019b1d0f12fc9ddd5fa0df4553992
  md5: d85448460c25ee43ff2f8346bb9ad52b
  constrains:
  - cudatoolkit 13.1|13.1.*
  - __cuda >=13
  license: LicenseRef-NVIDIA-End-User-License-Agreement
  purls: []
  size: 21511
  timestamp: 1757017115788
- conda: https://conda.anaconda.org/conda-forge/linux-64/gcc_impl_linux-64-15.2.0-hc5723f1_16.conda
  sha256: dfd180b9df441b57aa539dfcfcc416c804638b3bc5ec9dbb5d7bdbc009eba497
  md5: 83c672f0e373c37436953413b2272a42
  depends:
  - binutils_impl_linux-64 >=2.45
  - libgcc >=15.2.0
  - libgcc-devel_linux-64 15.2.0 hcc6f6b0_116
  - libgomp >=15.2.0
  - libsanitizer 15.2.0 h90f66d4_16
  - libstdcxx >=15.2.0
  - libstdcxx-devel_linux-64 15.2.0 hd446a21_116
  - sysroot_linux-64
  license: GPL-3.0-only WITH GCC-exception-3.1
  license_family: GPL
  purls: []
  size: 80309755
  timestamp: 1765256937267
- conda: https://conda.anaconda.org/conda-forge/linux-64/gcc_linux-64-15.2.0-h862fb80_17.conda
  sha256: 7db4442af6c4abeeb156622a0ca8d04920ef8c5f26378a04818d4e6fe3cbf113
  md5: fe69a37e56063c79d2011538c1a5338e
  depends:
  - gcc_impl_linux-64 15.2.0.*
  - binutils_linux-64
  - sysroot_linux-64
  license: BSD-3-Clause
  license_family: BSD
  purls: []
  size: 28918
  timestamp: 1766348017160
- conda: https://conda.anaconda.org/conda-forge/linux-64/gxx_impl_linux-64-15.2.0-hda75c37_16.conda
  sha256: 9ea9ec1595e163adb7d86828f638c70b7ff0b809093e34b1bee858bf0c80589a
  md5: 779495181670ef15f80c3e33eea6f61a
  depends:
  - gcc_impl_linux-64 15.2.0 hc5723f1_16
  - libstdcxx-devel_linux-64 15.2.0 hd446a21_116
  - sysroot_linux-64
  - tzdata
  license: GPL-3.0-only WITH GCC-exception-3.1
  license_family: GPL
  purls: []
  size: 16357678
  timestamp: 1765257161133
- conda: https://conda.anaconda.org/conda-forge/linux-64/gxx_linux-64-15.2.0-h2d7d49d_17.conda
  sha256: 5881af6f095470532d04a1b0a34f7dfbd3e337bb93ba8441c669860c4431e136
  md5: 84575f6344201cb102e4c66028d1ed86
  depends:
  - gxx_impl_linux-64 15.2.0.*
  - gcc_linux-64 ==15.2.0 h862fb80_17
  - binutils_linux-64
  - sysroot_linux-64
  license: BSD-3-Clause
  license_family: BSD
  purls: []
  size: 27461
  timestamp: 1766348017163
- conda: https://conda.anaconda.org/conda-forge/linux-64/icu-78.2-h33c6efd_0.conda
  sha256: 142a722072fa96cf16ff98eaaf641f54ab84744af81754c292cb81e0881c0329
  md5: 186a18e3ba246eccfc7cff00cd19a870
  depends:
  - __glibc >=2.17,<3.0.a0
  - libgcc >=14
  - libstdcxx >=14
  license: MIT
  license_family: MIT
  purls: []
  size: 12728445
  timestamp: 1767969922681
- pypi: https://files.pythonhosted.org/packages/d8/99/91fd58d495f03495e93b3f6100336d7a1df212aa90ad37d1322b8bb7df71/jax-0.9.0-py3-none-any.whl
  name: jax
  version: 0.9.0
  sha256: be1c7c1fa91b338f071805a786f9366d4a08361b711b0568ef5a157226c68915
  requires_dist:
  - jaxlib<=0.9.0,>=0.9.0
  - ml-dtypes>=0.5.0
  - numpy>=2.0
  - opt-einsum
  - scipy>=1.13
  - jaxlib==0.9.0 ; extra == 'minimum-jaxlib'
  - jaxlib==0.8.2 ; extra == 'ci'
  - jaxlib<=0.9.0,>=0.9.0 ; extra == 'tpu'
  - libtpu==0.0.34.* ; extra == 'tpu'
  - requests ; extra == 'tpu'
  - jaxlib<=0.9.0,>=0.9.0 ; extra == 'cuda'
  - jax-cuda12-plugin[with-cuda]<=0.9.0,>=0.9.0 ; extra == 'cuda'
  - jaxlib<=0.9.0,>=0.9.0 ; extra == 'cuda12'
  - jax-cuda12-plugin[with-cuda]<=0.9.0,>=0.9.0 ; extra == 'cuda12'
  - jaxlib<=0.9.0,>=0.9.0 ; extra == 'cuda13'
  - jax-cuda13-plugin[with-cuda]<=0.9.0,>=0.9.0 ; extra == 'cuda13'
  - jaxlib<=0.9.0,>=0.9.0 ; extra == 'cuda12-local'
  - jax-cuda12-plugin<=0.9.0,>=0.9.0 ; extra == 'cuda12-local'
  - jaxlib<=0.9.0,>=0.9.0 ; extra == 'cuda13-local'
  - jax-cuda13-plugin<=0.9.0,>=0.9.0 ; extra == 'cuda13-local'
  - jaxlib<=0.9.0,>=0.9.0 ; extra == 'rocm'
  - jax-rocm7-plugin<=0.9.0,>=0.9.0 ; extra == 'rocm'
  - kubernetes ; extra == 'k8s'
  - xprof ; extra == 'xprof'
  requires_python: '>=3.11'
- pypi: https://files.pythonhosted.org/packages/65/62/92d38feb8b536ca24610908dc23fe08e12f2c51eb722fd333e8572343cc6/jax_cuda12_pjrt-0.9.0-py3-none-manylinux_2_27_x86_64.whl
  name: jax-cuda12-pjrt
  version: 0.9.0
  sha256: bdb3eabee435ac967aff8b2eeda2f7b9cd81ed003f127df4d6f1e55fa5d94684
- pypi: https://files.pythonhosted.org/packages/c1/5b/613eb8dc6ff57d5689c5680e1374641d850e7d470024e4c25760b82b11fb/jax_cuda12_plugin-0.9.0-cp311-cp311-manylinux_2_27_x86_64.whl
  name: jax-cuda12-plugin
  version: 0.9.0
  sha256: 89387777e1721aaabdeda18a577afc7cfe4ee0ab1c37b3261bd472ab8df072f7
  requires_dist:
  - jax-cuda12-pjrt==0.9.0
  - nvidia-cublas-cu12>=12.1.3.1 ; sys_platform == 'linux' and extra == 'with-cuda'
  - nvidia-cuda-cupti-cu12>=12.1.105 ; sys_platform == 'linux' and extra == 'with-cuda'
  - nvidia-cuda-nvcc-cu12>=12.6.85 ; sys_platform == 'linux' and extra == 'with-cuda'
  - nvidia-cuda-runtime-cu12>=12.1.105 ; sys_platform == 'linux' and extra == 'with-cuda'
  - nvidia-cudnn-cu12>=9.8,<10.0 ; sys_platform == 'linux' and extra == 'with-cuda'
  - nvidia-cufft-cu12>=11.0.2.54 ; sys_platform == 'linux' and extra == 'with-cuda'
  - nvidia-cusolver-cu12>=11.4.5.107 ; sys_platform == 'linux' and extra == 'with-cuda'
  - nvidia-cusparse-cu12>=12.1.0.106 ; sys_platform == 'linux' and extra == 'with-cuda'
  - nvidia-nccl-cu12>=2.18.1 ; sys_platform == 'linux' and extra == 'with-cuda'
  - nvidia-nvjitlink-cu12>=12.1.105 ; sys_platform == 'linux' and extra == 'with-cuda'
  - nvidia-cuda-nvrtc-cu12>=12.1.55 ; sys_platform == 'linux' and extra == 'with-cuda'
  - nvidia-nvshmem-cu12>=3.2.5 ; sys_platform == 'linux' and extra == 'with-cuda'
  requires_python: '>=3.11'
- pypi: https://files.pythonhosted.org/packages/a5/43/056cd98633ab0454c77b1ecebe1d5e21a76c06576a0ba655e9ac582ce985/jaxlib-0.9.0-cp311-cp311-manylinux_2_27_x86_64.whl
  name: jaxlib
  version: 0.9.0
  sha256: 9f9eba014590435cec5fa1f6af2310a1a05db98d61331d18d6b278ff5424cd33
  requires_dist:
  - scipy>=1.13
  - numpy>=2.0
  - ml-dtypes>=0.5.0
  requires_python: '>=3.11'
- conda: https://conda.anaconda.org/conda-forge/noarch/kernel-headers_linux-64-4.18.0-he073ed8_9.conda
  sha256: 41557eeadf641de6aeae49486cef30d02a6912d8da98585d687894afd65b356a
  md5: 86d9cba083cd041bfbf242a01a7a1999
  constrains:
  - sysroot_linux-64 ==2.28
  license: LGPL-2.0-or-later AND LGPL-2.0-or-later WITH exceptions AND GPL-2.0-or-later
  license_family: GPL
  purls: []
  size: 1278712
  timestamp: 1765578681495
- conda: https://conda.anaconda.org/conda-forge/linux-64/ld_impl_linux-64-2.45-default_hbd61a6d_105.conda
  sha256: 1027bd8aa0d5144e954e426ab6218fd5c14e54a98f571985675468b339c808ca
  md5: 3ec0aa5037d39b06554109a01e6fb0c6
  depends:
  - __glibc >=2.17,<3.0.a0
  - zstd >=1.5.7,<1.6.0a0
  constrains:
  - binutils_impl_linux-64 2.45
  license: GPL-3.0-only
  license_family: GPL
  purls: []
  size: 730831
  timestamp: 1766513089214
- conda: https://conda.anaconda.org/conda-forge/linux-64/libblas-3.11.0-5_h4a7cf45_openblas.conda
  build_number: 5
  sha256: 18c72545080b86739352482ba14ba2c4815e19e26a7417ca21a95b76ec8da24c
  md5: c160954f7418d7b6e87eaf05a8913fa9
  depends:
  - libopenblas >=0.3.30,<0.3.31.0a0
  - libopenblas >=0.3.30,<1.0a0
  constrains:
  - mkl <2026
  - liblapack  3.11.0   5*_openblas
  - libcblas   3.11.0   5*_openblas
  - blas 2.305   openblas
  - liblapacke 3.11.0   5*_openblas
  license: BSD-3-Clause
  license_family: BSD
  purls: []
  size: 18213
  timestamp: 1765818813880
- conda: https://conda.anaconda.org/conda-forge/linux-64/libcblas-3.11.0-5_h0358290_openblas.conda
  build_number: 5
  sha256: 0cbdcc67901e02dc17f1d19e1f9170610bd828100dc207de4d5b6b8ad1ae7ad8
  md5: 6636a2b6f1a87572df2970d3ebc87cc0
  depends:
  - libblas 3.11.0 5_h4a7cf45_openblas
  constrains:
  - liblapacke 3.11.0   5*_openblas
  - blas 2.305   openblas
  - liblapack  3.11.0   5*_openblas
  license: BSD-3-Clause
  license_family: BSD
  purls: []
  size: 18194
  timestamp: 1765818837135
- conda: https://conda.anaconda.org/conda-forge/linux-64/libexpat-2.7.3-hecca717_0.conda
  sha256: 1e1b08f6211629cbc2efe7a5bca5953f8f6b3cae0eeb04ca4dacee1bd4e2db2f
  md5: 8b09ae86839581147ef2e5c5e229d164
  depends:
  - __glibc >=2.17,<3.0.a0
  - libgcc >=14
  constrains:
  - expat 2.7.3.*
  license: MIT
  license_family: MIT
  purls: []
  size: 76643
  timestamp: 1763549731408
- conda: https://conda.anaconda.org/conda-forge/linux-64/libffi-3.5.2-h9ec8514_0.conda
  sha256: 25cbdfa65580cfab1b8d15ee90b4c9f1e0d72128f1661449c9a999d341377d54
  md5: 35f29eec58405aaf55e01cb470d8c26a
  depends:
  - __glibc >=2.17,<3.0.a0
  - libgcc >=14
  license: MIT
  license_family: MIT
  purls: []
  size: 57821
  timestamp: 1760295480630
- conda: https://conda.anaconda.org/conda-forge/linux-64/libgcc-15.2.0-he0feb66_16.conda
  sha256: 6eed58051c2e12b804d53ceff5994a350c61baf117ec83f5f10c953a3f311451
  md5: 6d0363467e6ed84f11435eb309f2ff06
  depends:
  - __glibc >=2.17,<3.0.a0
  - _openmp_mutex >=4.5
  constrains:
  - libgcc-ng ==15.2.0=*_16
  - libgomp 15.2.0 he0feb66_16
  license: GPL-3.0-only WITH GCC-exception-3.1
  license_family: GPL
  purls: []
  size: 1042798
  timestamp: 1765256792743
- conda: https://conda.anaconda.org/conda-forge/noarch/libgcc-devel_linux-64-15.2.0-hcc6f6b0_116.conda
  sha256: 48d7d8dded34100d9065d1c0df86a11ab2cd8ddfd1590512b304527ed25b6d93
  md5: e67832fdbf2382757205bb4b38800643
  depends:
  - __unix
  license: GPL-3.0-only WITH GCC-exception-3.1
  license_family: GPL
  purls: []
  size: 3094906
  timestamp: 1765256682321
- conda: https://conda.anaconda.org/conda-forge/linux-64/libgcc-ng-15.2.0-h69a702a_16.conda
  sha256: 5f07f9317f596a201cc6e095e5fc92621afca64829785e483738d935f8cab361
  md5: 5a68259fac2da8f2ee6f7bfe49c9eb8b
  depends:
  - libgcc 15.2.0 he0feb66_16
  license: GPL-3.0-only WITH GCC-exception-3.1
  license_family: GPL
  purls: []
  size: 27256
  timestamp: 1765256804124
- conda: https://conda.anaconda.org/conda-forge/linux-64/libgfortran-15.2.0-h69a702a_16.conda
  sha256: 8a7b01e1ee1c462ad243524d76099e7174ebdd94ff045fe3e9b1e58db196463b
  md5: 40d9b534410403c821ff64f00d0adc22
  depends:
  - libgfortran5 15.2.0 h68bc16d_16
  constrains:
  - libgfortran-ng ==15.2.0=*_16
  license: GPL-3.0-only WITH GCC-exception-3.1
  license_family: GPL
  purls: []
  size: 27215
  timestamp: 1765256845586
- conda: https://conda.anaconda.org/conda-forge/linux-64/libgfortran5-15.2.0-h68bc16d_16.conda
  sha256: d0e974ebc937c67ae37f07a28edace978e01dc0f44ee02f29ab8a16004b8148b
  md5: 39183d4e0c05609fd65f130633194e37
  depends:
  - __glibc >=2.17,<3.0.a0
  - libgcc >=15.2.0
  constrains:
  - libgfortran 15.2.0
  license: GPL-3.0-only WITH GCC-exception-3.1
  license_family: GPL
  purls: []
  size: 2480559
  timestamp: 1765256819588
- conda: https://conda.anaconda.org/conda-forge/linux-64/libgomp-15.2.0-he0feb66_16.conda
  sha256: 5b3e5e4e9270ecfcd48f47e3a68f037f5ab0f529ccb223e8e5d5ac75a58fc687
  md5: 26c46f90d0e727e95c6c9498a33a09f3
  depends:
  - __glibc >=2.17,<3.0.a0
  license: GPL-3.0-only WITH GCC-exception-3.1
  license_family: GPL
  purls: []
  size: 603284
  timestamp: 1765256703881
- conda: https://conda.anaconda.org/conda-forge/linux-64/liblapack-3.11.0-5_h47877c9_openblas.conda
  build_number: 5
  sha256: c723b6599fcd4c6c75dee728359ef418307280fa3e2ee376e14e85e5bbdda053
  md5: b38076eb5c8e40d0106beda6f95d7609
  depends:
  - libblas 3.11.0 5_h4a7cf45_openblas
  constrains:
  - blas 2.305   openblas
  - liblapacke 3.11.0   5*_openblas
  - libcblas   3.11.0   5*_openblas
  license: BSD-3-Clause
  license_family: BSD
  purls: []
  size: 18200
  timestamp: 1765818857876
- conda: https://conda.anaconda.org/conda-forge/linux-64/liblzma-5.8.2-hb03c661_0.conda
  sha256: 755c55ebab181d678c12e49cced893598f2bab22d582fbbf4d8b83c18be207eb
  md5: c7c83eecbb72d88b940c249af56c8b17
  depends:
  - __glibc >=2.17,<3.0.a0
  - libgcc >=14
  constrains:
  - xz 5.8.2.*
  license: 0BSD
  purls: []
  size: 113207
  timestamp: 1768752626120
- conda: https://conda.anaconda.org/conda-forge/linux-64/libnsl-2.0.1-hb9d3cd8_1.conda
  sha256: 927fe72b054277cde6cb82597d0fcf6baf127dcbce2e0a9d8925a68f1265eef5
  md5: d864d34357c3b65a4b731f78c0801dc4
  depends:
  - __glibc >=2.17,<3.0.a0
  - libgcc >=13
  license: LGPL-2.1-only
  license_family: GPL
  purls: []
  size: 33731
  timestamp: 1750274110928
- conda: https://conda.anaconda.org/conda-forge/linux-64/libnvptxcompiler-dev-13.1.115-ha770c72_0.conda
  sha256: 9af66ab3c0218f30bbf37e680545a4c37da855adbbd0d8ff119056ad775d07ea
  md5: 825f9cb1309a5975f5b9c1879d3b3050
  depends:
  - cuda-version >=13.1,<13.2.0a0
  - libnvptxcompiler-dev_linux-64 13.1.115 ha770c72_0
  license: LicenseRef-NVIDIA-End-User-License-Agreement
  purls: []
  size: 28045
  timestamp: 1768280548127
- conda: https://conda.anaconda.org/conda-forge/noarch/libnvptxcompiler-dev_linux-64-13.1.115-ha770c72_0.conda
  sha256: 98b1ed15bebeeae411785e211aae2d7f303c5124b88fe2433e9080d8fad2f3a9
  md5: 8cbe7a9e462f1c0bd9e4bbdab1005337
  depends:
  - cuda-version >=13.1,<13.2.0a0
  license: LicenseRef-NVIDIA-End-User-License-Agreement
  purls: []
  size: 16510519
  timestamp: 1768280407864
- conda: https://conda.anaconda.org/conda-forge/linux-64/libopenblas-0.3.30-pthreads_h94d23a6_4.conda
  sha256: 199d79c237afb0d4780ccd2fbf829cea80743df60df4705202558675e07dd2c5
  md5: be43915efc66345cccb3c310b6ed0374
  depends:
  - __glibc >=2.17,<3.0.a0
  - libgcc >=14
  - libgfortran
  - libgfortran5 >=14.3.0
  constrains:
  - openblas >=0.3.30,<0.3.31.0a0
  license: BSD-3-Clause
  license_family: BSD
  purls: []
  size: 5927939
  timestamp: 1763114673331
- conda: https://conda.anaconda.org/conda-forge/linux-64/libsanitizer-15.2.0-h90f66d4_16.conda
  sha256: 50d8082749e760454fb1489c2a47c6fa80cbf3893ec1c1a085747d46484ffd7f
  md5: 0841a98bda756af037eb07d36cacada5
  depends:
  - __glibc >=2.17,<3.0.a0
  - libgcc >=15.2.0
  - libstdcxx >=15.2.0
  license: GPL-3.0-only WITH GCC-exception-3.1
  license_family: GPL
  purls: []
  size: 7660762
  timestamp: 1765256861607
- conda: https://conda.anaconda.org/conda-forge/linux-64/libsqlite-3.51.2-hf4e2dac_0.conda
  sha256: 04596fcee262a870e4b7c9807224680ff48d4d0cc0dac076a602503d3dc6d217
  md5: da5be73701eecd0e8454423fd6ffcf30
  depends:
  - __glibc >=2.17,<3.0.a0
  - icu >=78.2,<79.0a0
  - libgcc >=14
  - libzlib >=1.3.1,<2.0a0
  license: blessing
  purls: []
  size: 942808
  timestamp: 1768147973361
- conda: https://conda.anaconda.org/conda-forge/linux-64/libstdcxx-15.2.0-h934c35e_16.conda
  sha256: 813427918316a00c904723f1dfc3da1bbc1974c5cfe1ed1e704c6f4e0798cbc6
  md5: 68f68355000ec3f1d6f26ea13e8f525f
  depends:
  - __glibc >=2.17,<3.0.a0
  - libgcc 15.2.0 he0feb66_16
  constrains:
  - libstdcxx-ng ==15.2.0=*_16
  license: GPL-3.0-only WITH GCC-exception-3.1
  license_family: GPL
  purls: []
  size: 5856456
  timestamp: 1765256838573
- conda: https://conda.anaconda.org/conda-forge/noarch/libstdcxx-devel_linux-64-15.2.0-hd446a21_116.conda
  sha256: cb331c51739cc68257c7d7eef0e29c355b46b2d72f630854506dbc99240057c1
  md5: 2730e07e576ffbd7bf13f8de34835d41
  depends:
  - __unix
  license: GPL-3.0-only WITH GCC-exception-3.1
  license_family: GPL
  purls: []
  size: 20763949
  timestamp: 1765256724565
- conda: https://conda.anaconda.org/conda-forge/linux-64/libuuid-2.41.3-h5347b49_0.conda
  sha256: 1a7539cfa7df00714e8943e18de0b06cceef6778e420a5ee3a2a145773758aee
  md5: db409b7c1720428638e7c0d509d3e1b5
  depends:
  - __glibc >=2.17,<3.0.a0
  - libgcc >=14
  license: BSD-3-Clause
  license_family: BSD
  purls: []
  size: 40311
  timestamp: 1766271528534
- conda: https://conda.anaconda.org/conda-forge/linux-64/libxcrypt-4.4.36-hd590300_1.conda
  sha256: 6ae68e0b86423ef188196fff6207ed0c8195dd84273cb5623b85aa08033a410c
  md5: 5aa797f8787fe7a17d1b0821485b5adc
  depends:
  - libgcc-ng >=12
  license: LGPL-2.1-or-later
  purls: []
  size: 100393
  timestamp: 1702724383534
- conda: https://conda.anaconda.org/conda-forge/linux-64/libzlib-1.3.1-hb9d3cd8_2.conda
  sha256: d4bfe88d7cb447768e31650f06257995601f89076080e76df55e3112d4e47dc4
  md5: edb0dca6bc32e4f4789199455a1dbeb8
  depends:
  - __glibc >=2.17,<3.0.a0
  - libgcc >=13
  constrains:
  - zlib 1.3.1 *_2
  license: Zlib
  license_family: Other
  purls: []
  size: 60963
  timestamp: 1727963148474
- pypi: https://files.pythonhosted.org/packages/a9/80/19189ea605017473660e43762dc853d2797984b3c7bf30ce656099add30c/ml_dtypes-0.5.4-cp311-cp311-manylinux_2_27_x86_64.manylinux_2_28_x86_64.whl
  name: ml-dtypes
  version: 0.5.4
  sha256: 19b9a53598f21e453ea2fbda8aa783c20faff8e1eeb0d7ab899309a0053f1483
  requires_dist:
  - numpy>=1.21
  - numpy>=1.21.2 ; python_full_version >= '3.10'
  - numpy>=1.23.3 ; python_full_version >= '3.11'
  - numpy>=1.26.0 ; python_full_version >= '3.12'
  - numpy>=2.1.0 ; python_full_version >= '3.13'
  - absl-py ; extra == 'dev'
  - pytest ; extra == 'dev'
  - pytest-xdist ; extra == 'dev'
  - pylint>=2.6.0 ; extra == 'dev'
  - pyink ; extra == 'dev'
  requires_python: '>=3.9'
- conda: https://conda.anaconda.org/conda-forge/linux-64/ncurses-6.5-h2d0b736_3.conda
  sha256: 3fde293232fa3fca98635e1167de6b7c7fda83caf24b9d6c91ec9eefb4f4d586
  md5: 47e340acb35de30501a76c7c799c41d7
  depends:
  - __glibc >=2.17,<3.0.a0
  - libgcc >=13
  license: X11 AND BSD-3-Clause
  purls: []
  size: 891641
  timestamp: 1738195959188
- conda: https://conda.anaconda.org/conda-forge/linux-64/numpy-2.4.1-py311h2e04523_0.conda
  sha256: 51b04fafacedb05ef2865dccce212161112f22bfedd7655f8ae04489f85ce083
  md5: 716357afd11c16214cdac522da447704
  depends:
  - python
  - __glibc >=2.17,<3.0.a0
  - libgcc >=14
  - libstdcxx >=14
  - libblas >=3.9.0,<4.0a0
  - liblapack >=3.9.0,<4.0a0
  - python_abi 3.11.* *_cp311
  - libcblas >=3.9.0,<4.0a0
  constrains:
  - numpy-base <0a0
  license: BSD-3-Clause
  license_family: BSD
  purls:
  - pkg:pypi/numpy?source=compressed-mapping
  size: 9383164
  timestamp: 1768085749932
- pypi: https://files.pythonhosted.org/packages/77/3c/aa88abe01f3be3d1f8f787d1d33dc83e76fec05945f9a28fbb41cfb99cd5/nvidia_cublas_cu12-12.9.1.4-py3-none-manylinux_2_27_x86_64.whl
  name: nvidia-cublas-cu12
  version: 12.9.1.4
  sha256: 453611eb21a7c1f2c2156ed9f3a45b691deda0440ec550860290dc901af5b4c2
  requires_python: '>=3'
- pypi: https://files.pythonhosted.org/packages/18/2a/d4cd8506d2044e082f8cd921be57392e6a9b5ccd3ffdf050362430a3d5d5/nvidia_cuda_cccl_cu12-12.9.27-py3-none-manylinux2014_x86_64.manylinux_2_17_x86_64.whl
  name: nvidia-cuda-cccl-cu12
  version: 12.9.27
  sha256: 37869e17ce2e1ecec6eddf1927cca0f8c34e64fd848d40453df559091e2d7117
  requires_python: '>=3'
- pypi: https://files.pythonhosted.org/packages/c1/2e/b84e32197e33f39907b455b83395a017e697c07a449a2b15fd07fc1c9981/nvidia_cuda_cupti_cu12-12.9.79-py3-none-manylinux_2_25_x86_64.whl
  name: nvidia-cuda-cupti-cu12
  version: 12.9.79
  sha256: 096bcf334f13e1984ba36685ad4c1d6347db214de03dbb6eebb237b41d9d934f
  requires_python: '>=3'
- pypi: https://files.pythonhosted.org/packages/25/48/b54a06168a2190572a312bfe4ce443687773eb61367ced31e064953dd2f7/nvidia_cuda_nvcc_cu12-12.9.86-py3-none-manylinux2010_x86_64.manylinux_2_12_x86_64.whl
  name: nvidia-cuda-nvcc-cu12
  version: 12.9.86
  sha256: 5d6a0d32fdc7ea39917c20065614ae93add6f577d840233237ff08e9a38f58f0
  requires_python: '>=3'
- pypi: https://files.pythonhosted.org/packages/b8/85/e4af82cc9202023862090bfca4ea827d533329e925c758f0cde964cb54b7/nvidia_cuda_nvrtc_cu12-12.9.86-py3-none-manylinux2010_x86_64.manylinux_2_12_x86_64.whl
  name: nvidia-cuda-nvrtc-cu12
  version: 12.9.86
  sha256: 210cf05005a447e29214e9ce50851e83fc5f4358df8b453155d5e1918094dcb4
  requires_python: '>=3'
- pypi: https://files.pythonhosted.org/packages/bc/46/a92db19b8309581092a3add7e6fceb4c301a3fd233969856a8cbf042cd3c/nvidia_cuda_runtime_cu12-12.9.79-py3-none-manylinux2014_x86_64.manylinux_2_17_x86_64.whl
  name: nvidia-cuda-runtime-cu12
  version: 12.9.79
  sha256: 25bba2dfb01d48a9b59ca474a1ac43c6ebf7011f1b0b8cc44f54eb6ac48a96c3
  requires_python: '>=3'
- pypi: https://files.pythonhosted.org/packages/2b/e0/bdf6249ce9f78df6262b0bd56d947a8ca73396e546f7a775c7a4393b58e1/nvidia_cudnn_cu12-9.18.0.77-py3-none-manylinux_2_27_x86_64.whl
  name: nvidia-cudnn-cu12
  version: 9.18.0.77
  sha256: 3a1c17088ab54049b9e0e107eb5a9b7893c1d1d9d9f425acd830a7113851586f
  requires_dist:
  - nvidia-cublas-cu12
  requires_python: '>=3'
- pypi: https://files.pythonhosted.org/packages/95/f4/61e6996dd20481ee834f57a8e9dca28b1869366a135e0d42e2aa8493bdd4/nvidia_cufft_cu12-11.4.1.4-py3-none-manylinux2014_x86_64.manylinux_2_17_x86_64.whl
  name: nvidia-cufft-cu12
  version: 11.4.1.4
  sha256: c67884f2a7d276b4b80eb56a79322a95df592ae5e765cf1243693365ccab4e28
  requires_dist:
  - nvidia-nvjitlink-cu12
  requires_python: '>=3'
- pypi: https://files.pythonhosted.org/packages/33/40/79b0c64d44d6c166c0964ec1d803d067f4a145cca23e23925fd351d0e642/nvidia_cusolver_cu12-11.7.5.82-py3-none-manylinux_2_27_x86_64.whl
  name: nvidia-cusolver-cu12
  version: 11.7.5.82
  sha256: 15da72d1340d29b5b3cf3fd100e3cd53421dde36002eda6ed93811af63c40d88
  requires_dist:
  - nvidia-cublas-cu12
  - nvidia-nvjitlink-cu12
  - nvidia-cusparse-cu12
  requires_python: '>=3'
- pypi: https://files.pythonhosted.org/packages/12/46/b0fd4b04f86577921feb97d8e2cf028afe04f614d17fb5013de9282c9216/nvidia_cusparse_cu12-12.5.10.65-py3-none-manylinux2014_x86_64.manylinux_2_17_x86_64.whl
  name: nvidia-cusparse-cu12
  version: 12.5.10.65
  sha256: 73060ce019ac064a057267c585bf1fd5a353734151f87472ff02b2c5c9984e78
  requires_dist:
  - nvidia-nvjitlink-cu12
  requires_python: '>=3'
- pypi: https://files.pythonhosted.org/packages/23/2d/609d0392d992259c6dc39881688a7fc13b1397a668bc360fbd68d1396f85/nvidia_nccl_cu12-2.29.2-py3-none-manylinux_2_18_x86_64.whl
  name: nvidia-nccl-cu12
  version: 2.29.2
  sha256: 3a9a0bf4142126e0d0ed99ec202579bef8d007601f9fab75af60b10324666b12
  requires_python: '>=3'
- pypi: https://files.pythonhosted.org/packages/46/0c/c75bbfb967457a0b7670b8ad267bfc4fffdf341c074e0a80db06c24ccfd4/nvidia_nvjitlink_cu12-12.9.86-py3-none-manylinux2010_x86_64.manylinux_2_12_x86_64.whl
  name: nvidia-nvjitlink-cu12
  version: 12.9.86
  sha256: e3f1171dbdc83c5932a45f0f4c99180a70de9bd2718c1ab77d14104f6d7147f9
  requires_python: '>=3'
- pypi: https://files.pythonhosted.org/packages/64/b9/6ab941001c23cfb43499b5b0b7417b0bb4dfba3a29ffa2b06985422dad50/nvidia_nvshmem_cu12-3.5.19-py3-none-manylinux2014_x86_64.manylinux_2_17_x86_64.whl
  name: nvidia-nvshmem-cu12
  version: 3.5.19
  sha256: f29a23c5ee75461ec4342e17757f9e010369ada8eb0d441070049db787d9e51b
  requires_dist:
  - nvidia-cuda-cccl-cu12
  requires_python: '>=3'
- conda: https://conda.anaconda.org/conda-forge/linux-64/openssl-3.6.0-h26f9b46_0.conda
  sha256: a47271202f4518a484956968335b2521409c8173e123ab381e775c358c67fe6d
  md5: 9ee58d5c534af06558933af3c845a780
  depends:
  - __glibc >=2.17,<3.0.a0
  - ca-certificates
  - libgcc >=14
  license: Apache-2.0
  license_family: Apache
  purls: []
  size: 3165399
  timestamp: 1762839186699
- pypi: https://files.pythonhosted.org/packages/23/cd/066e86230ae37ed0be70aae89aabf03ca8d9f39c8aea0dec8029455b5540/opt_einsum-3.4.0-py3-none-any.whl
  name: opt-einsum
  version: 3.4.0
  sha256: 69bb92469f86a1565195ece4ac0323943e83477171b91d24c35afe028a90d7cd
  requires_python: '>=3.8'
- conda: https://conda.anaconda.org/conda-forge/linux-64/python-3.11.14-hd63d673_2_cpython.conda
  build_number: 2
  sha256: 5b872f7747891e50e990a96d2b235236a5c66cc9f8c9dcb7149aee674ea8145a
  md5: c4202a55b4486314fbb8c11bc43a29a0
  depends:
  - __glibc >=2.17,<3.0.a0
  - bzip2 >=1.0.8,<2.0a0
  - ld_impl_linux-64 >=2.36.1
  - libexpat >=2.7.1,<3.0a0
  - libffi >=3.5.2,<3.6.0a0
  - libgcc >=14
  - liblzma >=5.8.1,<6.0a0
  - libnsl >=2.0.1,<2.1.0a0
  - libsqlite >=3.50.4,<4.0a0
  - libuuid >=2.41.2,<3.0a0
  - libxcrypt >=4.4.36
  - libzlib >=1.3.1,<2.0a0
  - ncurses >=6.5,<7.0a0
  - openssl >=3.5.4,<4.0a0
  - readline >=8.2,<9.0a0
  - tk >=8.6.13,<8.7.0a0
  - tzdata
  constrains:
  - python_abi 3.11.* *_cp311
  license: Python-2.0
  purls: []
  size: 30874708
  timestamp: 1761174520369
- conda: https://conda.anaconda.org/conda-forge/noarch/python_abi-3.11-8_cp311.conda
  build_number: 8
  sha256: fddf123692aa4b1fc48f0471e346400d9852d96eeed77dbfdd746fa50a8ff894
  md5: 8fcb6b0e2161850556231336dae58358
  constrains:
  - python 3.11.* *_cpython
  license: BSD-3-Clause
  license_family: BSD
  purls: []
  size: 7003
  timestamp: 1752805919375
- conda: https://conda.anaconda.org/conda-forge/linux-64/readline-8.3-h853b02a_0.conda
  sha256: 12ffde5a6f958e285aa22c191ca01bbd3d6e710aa852e00618fa6ddc59149002
  md5: d7d95fc8287ea7bf33e0e7116d2b95ec
  depends:
  - __glibc >=2.17,<3.0.a0
  - libgcc >=14
  - ncurses >=6.5,<7.0a0
  license: GPL-3.0-only
  license_family: GPL
  purls: []
  size: 345073
  timestamp: 1765813471974
- pypi: https://files.pythonhosted.org/packages/ef/df/df1457c4df3826e908879fe3d76bc5b6e60aae45f4ee42539512438cfd5d/scipy-1.17.0-cp311-cp311-manylinux_2_27_x86_64.manylinux_2_28_x86_64.whl
  name: scipy
  version: 1.17.0
  sha256: dac97a27520d66c12a34fd90a4fe65f43766c18c0d6e1c0a80f114d2260080e4
  requires_dist:
  - numpy>=1.26.4,<2.7
  - pytest>=8.0.0 ; extra == 'test'
  - pytest-cov ; extra == 'test'
  - pytest-timeout ; extra == 'test'
  - pytest-xdist ; extra == 'test'
  - asv ; extra == 'test'
  - mpmath ; extra == 'test'
  - gmpy2 ; extra == 'test'
  - threadpoolctl ; extra == 'test'
  - scikit-umfpack ; extra == 'test'
  - pooch ; extra == 'test'
  - hypothesis>=6.30 ; extra == 'test'
  - array-api-strict>=2.3.1 ; extra == 'test'
  - cython ; extra == 'test'
  - meson ; extra == 'test'
  - ninja ; sys_platform != 'emscripten' and extra == 'test'
  - sphinx>=5.0.0,<8.2.0 ; extra == 'doc'
  - intersphinx-registry ; extra == 'doc'
  - pydata-sphinx-theme>=0.15.2 ; extra == 'doc'
  - sphinx-copybutton ; extra == 'doc'
  - sphinx-design>=0.4.0 ; extra == 'doc'
  - matplotlib>=3.5 ; extra == 'doc'
  - numpydoc ; extra == 'doc'
  - jupytext ; extra == 'doc'
  - myst-nb>=1.2.0 ; extra == 'doc'
  - pooch ; extra == 'doc'
  - jupyterlite-sphinx>=0.19.1 ; extra == 'doc'
  - jupyterlite-pyodide-kernel ; extra == 'doc'
  - linkify-it-py ; extra == 'doc'
  - tabulate ; extra == 'doc'
  - click<8.3.0 ; extra == 'dev'
  - spin ; extra == 'dev'
  - mypy==1.10.0 ; extra == 'dev'
  - typing-extensions ; extra == 'dev'
  - types-psutil ; extra == 'dev'
  - pycodestyle ; extra == 'dev'
  - ruff>=0.12.0 ; extra == 'dev'
  - cython-lint>=0.12.2 ; extra == 'dev'
  requires_python: '>=3.11'
- conda: https://conda.anaconda.org/conda-forge/noarch/sysroot_linux-64-2.28-h4ee821c_9.conda
  sha256: c47299fe37aebb0fcf674b3be588e67e4afb86225be4b0d452c7eb75c086b851
  md5: 13dc3adbc692664cd3beabd216434749
  depends:
  - __glibc >=2.28
  - kernel-headers_linux-64 4.18.0 he073ed8_9
  - tzdata
  license: LGPL-2.0-or-later AND LGPL-2.0-or-later WITH exceptions AND GPL-2.0-or-later
  license_family: GPL
  purls: []
  size: 24008591
  timestamp: 1765578833462
- conda: https://conda.anaconda.org/conda-forge/linux-64/tk-8.6.13-noxft_ha0e22de_103.conda
  sha256: 1544760538a40bcd8ace2b1d8ebe3eb5807ac268641f8acdc18c69c5ebfeaf64
  md5: 86bc20552bf46075e3d92b67f089172d
  depends:
  - __glibc >=2.17,<3.0.a0
  - libgcc >=13
  - libzlib >=1.3.1,<2.0a0
  constrains:
  - xorg-libx11 >=1.8.12,<2.0a0
  license: TCL
  license_family: BSD
  purls: []
  size: 3284905
  timestamp: 1763054914403
- conda: https://conda.anaconda.org/conda-forge/noarch/tzdata-2025c-hc9c84f9_1.conda
  sha256: 1d30098909076af33a35017eed6f2953af1c769e273a0626a04722ac4acaba3c
  md5: ad659d0a2b3e47e38d829aa8cad2d610
  license: LicenseRef-Public-Domain
  purls: []
  size: 119135
  timestamp: 1767016325805
- conda: https://conda.anaconda.org/conda-forge/linux-64/zstd-1.5.7-hb78ec9c_6.conda
  sha256: 68f0206ca6e98fea941e5717cec780ed2873ffabc0e1ed34428c061e2c6268c7
  md5: 4a13eeac0b5c8e5b8ab496e6c4ddd829
  depends:
  - __glibc >=2.17,<3.0.a0
  - libzlib >=1.3.1,<2.0a0
  license: BSD-3-Clause
  license_family: BSD
  purls: []
  size: 601375
  timestamp: 1764777111296
